
Microsoft Visual Studio Solution File, Format Version 12.00
# Visual Studio 15
VisualStudioVersion = 15.0.27428.2005
MinimumVisualStudioVersion = 10.0.40219.1
Project("{FAE04EC0-301F-11D3-BF4B-00C04F79EFBC}") = "MySql_Image", "MySql_Image\MySql_Image.csproj", "{1CAFE776-1782-4A26-B1F7-94DB77E458FE}"
EndProject
Global
	GlobalSection(SolutionConfigurationPlatforms) = preSolution
		Debug|Any CPU = Debug|Any CPU
		Release|Any CPU = Release|Any CPU
	EndGlobalSection
	GlobalSection(ProjectConfigurationPlatforms) = postSolution
		{1CAFE776-1782-4A26-B1F7-94DB77E458FE}.Debug|Any CPU.ActiveCfg = Debug|Any CPU
		{1CAFE776-1782-4A26-B1F7-94DB77E458FE}.Debug|Any CPU.Build.0 = Debug|Any CPU
		{1CAFE776-1782-4A26-B1F7-94DB77E458FE}.Release|Any CPU.ActiveCfg = Release|Any CPU
		{1CAFE776-1782-4A26-B1F7-94DB77E458FE}.Release|Any CPU.Build.0 = Release|Any CPU
	EndGlobalSection
	GlobalSection(SolutionProperties) = preSolution
		HideSolutionNode = FALSE
	EndGlobalSection
	GlobalSection(ExtensibilityGlobals) = postSolution
		SolutionGuid = {4A15B642-E84B-4185-BF19-C65CCCE47B44}
	EndGlobalSection
EndGlobal
